<?xml version="1.0" encoding="utf-8"?>
<Project ToolsVersion="4.0" xmlns="http://schemas.microsoft.com/developer/msbuild/2003">
  <ItemGroup>
    <Filter Include="Arquivos de Origem">
      <UniqueIdentifier>{4FC737F1-C7A5-4376-A066-2A32D752A2FF}</UniqueIdentifier>
      <Extensions>cpp;c;cc;cxx;c++;def;odl;idl;hpj;bat;asm;asmx</Extensions>
    </Filter>
    <Filter Include="Arquivos de Cabeçalho">
      <UniqueIdentifier>{93995380-89BD-4b04-88EB-625FBE52EBFB}</UniqueIdentifier>
      <Extensions>h;hh;hpp;hxx;h++;hm;inl;inc;ipp;xsd</Extensions>
    </Filter>
    <Filter Include="Arquivos de Recurso">
      <UniqueIdentifier>{67DA6AB6-F800-4c08-8B7A-83BB121AAD01}</UniqueIdentifier>
      <Extensions>rc;ico;cur;bmp;dlg;rc2;rct;bin;rgs;gif;jpg;jpeg;jpe;resx;tiff;tif;png;wav;mfcribbon-ms</Extensions>
    </Filter>
    <Filter Include="Arquivos de Cabeçalho\Screen">
      <UniqueIdentifier>{aaa46228-e471-4184-8d29-54c413729026}</UniqueIdentifier>
    </Filter>
    <Filter Include="Arquivos de Origem\Screen">
      <UniqueIdentifier>{ef8d81f7-c0a5-4c62-bf1b-7c3c530a0f51}</UniqueIdentifier>
    </Filter>
  </ItemGroup>
  <ItemGroup>
    <ClCompile Include="Campo Minado.cpp">
      <Filter>Arquivos de Origem</Filter>
    </ClCompile>
    <ClCompile Include="Game.cpp">
      <Filter>Arquivos de Origem</Filter>
    </ClCompile>
    <ClCompile Include="Utils.h">
      <Filter>Arquivos de Cabeçalho</Filter>
    </ClCompile>
    <ClCompile Include="Utisl.cpp">
      <Filter>Arquivos de Origem</Filter>
    </ClCompile>
    <ClCompile Include="Texture.cpp">
      <Filter>Arquivos de Origem</Filter>
    </ClCompile>
    <ClCompile Include="MainScreen.cpp">
      <Filter>Arquivos de Origem\Screen</Filter>
    </ClCompile>
    <ClCompile Include="Screen.cpp">
      <Filter>Arquivos de Origem\Screen</Filter>
    </ClCompile>
    <ClCompile Include="GamePlayScreen.cpp">
      <Filter>Arquivos de Origem\Screen</Filter>
    </ClCompile>
    <ClCompile Include="GameOverScreen.cpp">
      <Filter>Arquivos de Origem\Screen</Filter>
    </ClCompile>
    <ClCompile Include="EndGameScreen.cpp">
      <Filter>Arquivos de Origem\Screen</Filter>
    </ClCompile>
    <ClCompile Include="ScoreScreen.cpp">
      <Filter>Arquivos de Origem\Screen</Filter>
    </ClCompile>
    <ClCompile Include="ConfigScreen.cpp">
      <Filter>Arquivos de Origem\Screen</Filter>
    </ClCompile>
  </ItemGroup>
  <ItemGroup>
    <ClInclude Include="Game.h">
      <Filter>Arquivos de Cabeçalho</Filter>
    </ClInclude>
    <ClInclude Include="Texture.h">
      <Filter>Arquivos de Cabeçalho</Filter>
    </ClInclude>
    <ClInclude Include="Screen.h">
      <Filter>Arquivos de Cabeçalho\Screen</Filter>
    </ClInclude>
    <ClInclude Include="MainScreen.h">
      <Filter>Arquivos de Cabeçalho\Screen</Filter>
    </ClInclude>
    <ClInclude Include="GamePlayScreen.h">
      <Filter>Arquivos de Cabeçalho\Screen</Filter>
    </ClInclude>
    <ClInclude Include="GameOverScreen.h">
      <Filter>Arquivos de Cabeçalho\Screen</Filter>
    </ClInclude>
    <ClInclude Include="EndGameScreen.h">
      <Filter>Arquivos de Cabeçalho\Screen</Filter>
    </ClInclude>
    <ClInclude Include="ConfigScreen.h">
      <Filter>Arquivos de Cabeçalho\Screen</Filter>
    </ClInclude>
    <ClInclude Include="ScoreScreen.h">
      <Filter>Arquivos de Cabeçalho\Screen</Filter>
    </ClInclude>
  </ItemGroup>
</Project>